
Microsoft Visual Studio Solution File, Format Version 12.00
# Visual Studio Version 16
VisualStudioVersion = 16.0.30128.74
MinimumVisualStudioVersion = 10.0.40219.1
Project("{FAE04EC0-301F-11D3-BF4B-00C04F79EFBC}") = "Ch.3.Test", "Ch.3.Test\Ch.3.Test.csproj", "{C11813F4-931C-4A12-84DA-47B3BB90D4AE}"
EndProject
Global
	GlobalSection(SolutionConfigurationPlatforms) = preSolution
		Debug|Any CPU = Debug|Any CPU
		Release|Any CPU = Release|Any CPU
	EndGlobalSection
	GlobalSection(ProjectConfigurationPlatforms) = postSolution
		{C11813F4-931C-4A12-84DA-47B3BB90D4AE}.Debug|Any CPU.ActiveCfg = Debug|Any CPU
		{C11813F4-931C-4A12-84DA-47B3BB90D4AE}.Debug|Any CPU.Build.0 = Debug|Any CPU
		{C11813F4-931C-4A12-84DA-47B3BB90D4AE}.Release|Any CPU.ActiveCfg = Release|Any CPU
		{C11813F4-931C-4A12-84DA-47B3BB90D4AE}.Release|Any CPU.Build.0 = Release|Any CPU
	EndGlobalSection
	GlobalSection(SolutionProperties) = preSolution
		HideSolutionNode = FALSE
	EndGlobalSection
	GlobalSection(ExtensibilityGlobals) = postSolution
		SolutionGuid = {2F159BC7-9E5A-4C49-9A04-BB44B654DA90}
	EndGlobalSection
EndGlobal
